
Microsoft Visual Studio Solution File, Format Version 12.00
# Visual Studio Version 17
VisualStudioVersion = 17.7.34009.444
MinimumVisualStudioVersion = 10.0.40219.1
Project("{FAE04EC0-301F-11D3-BF4B-00C04F79EFBC}") = "MultiEdit", "MultiEdit\MultiEdit.csproj", "{9706AD05-9BD1-4715-A654-13E2F14F8480}"
EndProject
Global
	GlobalSection(SolutionConfigurationPlatforms) = preSolution
		Debug|Any CPU = Debug|Any CPU
		Release|Any CPU = Release|Any CPU
	EndGlobalSection
	GlobalSection(ProjectConfigurationPlatforms) = postSolution
		{9706AD05-9BD1-4715-A654-13E2F14F8480}.Debug|Any CPU.ActiveCfg = Debug|Any CPU
		{9706AD05-9BD1-4715-A654-13E2F14F8480}.Debug|Any CPU.Build.0 = Debug|Any CPU
		{9706AD05-9BD1-4715-A654-13E2F14F8480}.Release|Any CPU.ActiveCfg = Release|Any CPU
		{9706AD05-9BD1-4715-A654-13E2F14F8480}.Release|Any CPU.Build.0 = Release|Any CPU
	EndGlobalSection
	GlobalSection(SolutionProperties) = preSolution
		HideSolutionNode = FALSE
	EndGlobalSection
	GlobalSection(ExtensibilityGlobals) = postSolution
		SolutionGuid = {D52D5E07-0970-4E72-8F18-101F37A1E8D4}
	EndGlobalSection
EndGlobal
